// !$*UTF8*$!
{
	archiveVersion = 1;
	classes = {
	};
	objectVersion = 55;
	objects = {

/* Begin PBXBuildFile section */
		7C39866C27B52D2C00A94E4F /* Library.swift in Sources */ = {isa = PBXBuildFile; fileRef = 7C39866B27B52D2C00A94E4F /* Library.swift */; };
		7C39866E27B54D0C00A94E4F /* BookView.swift in Sources */ = {isa = PBXBuildFile; fileRef = 7C39866D27B54D0C00A94E4F /* BookView.swift */; };
		7CC5641C27B4026300993092 /* ProjetBibliotheque_UlyssePerretApp.swift in Sources */ = {isa = PBXBuildFile; fileRef = 7CC5641B27B4026300993092 /* ProjetBibliotheque_UlyssePerretApp.swift */; };
		7CC5641E27B4026300993092 /* ContentView.swift in Sources */ = {isa = PBXBuildFile; fileRef = 7CC5641D27B4026300993092 /* ContentView.swift */; };
		7CC5642027B4026500993092 /* Assets.xcassets in Resources */ = {isa = PBXBuildFile; fileRef = 7CC5641F27B4026500993092 /* Assets.xcassets */; };
		7CC5642327B4026500993092 /* Preview Assets.xcassets in Resources */ = {isa = PBXBuildFile; fileRef = 7CC5642227B4026500993092 /* Preview Assets.xcassets */; };
		7CC5642A27B4031A00993092 /* ViewModel.swift in Sources */ = {isa = PBXBuildFile; fileRef = 7CC5642927B4031A00993092 /* ViewModel.swift */; };
		7CC5642C27B4032100993092 /* LoginView.swift in Sources */ = {isa = PBXBuildFile; fileRef = 7CC5642B27B4032100993092 /* LoginView.swift */; };
		7CC5642E27B4032A00993092 /* LogOutView.swift in Sources */ = {isa = PBXBuildFile; fileRef = 7CC5642D27B4032A00993092 /* LogOutView.swift */; };
		7CC5643027B4033000993092 /* HomeView.swift in Sources */ = {isa = PBXBuildFile; fileRef = 7CC5642F27B4033000993092 /* HomeView.swift */; };
		7CC5643427B4037600993092 /* Book.swift in Sources */ = {isa = PBXBuildFile; fileRef = 7CC5643327B4037600993092 /* Book.swift */; };
		7CC5643627B4063000993092 /* GoogleService-Info.plist in Resources */ = {isa = PBXBuildFile; fileRef = 7CC5643527B4063000993092 /* GoogleService-Info.plist */; };
		7CC5644A27B40B3000993092 /* FirebaseAuth in Frameworks */ = {isa = PBXBuildFile; productRef = 7CC5644927B40B3000993092 /* FirebaseAuth */; };
		7CC5644C27B40B3000993092 /* FirebaseAuthCombine-Community in Frameworks */ = {isa = PBXBuildFile; productRef = 7CC5644B27B40B3000993092 /* FirebaseAuthCombine-Community */; };
		7CC5644E27B40B3000993092 /* FirebaseDatabase in Frameworks */ = {isa = PBXBuildFile; productRef = 7CC5644D27B40B3000993092 /* FirebaseDatabase */; };
		7CC5645027B40B3000993092 /* FirebaseDatabaseSwift-Beta in Frameworks */ = {isa = PBXBuildFile; productRef = 7CC5644F27B40B3000993092 /* FirebaseDatabaseSwift-Beta */; };
		7CC5645227B40B3000993092 /* FirebaseFirestoreSwift-Beta in Frameworks */ = {isa = PBXBuildFile; productRef = 7CC5645127B40B3000993092 /* FirebaseFirestoreSwift-Beta */; };
		7CC5645427B40B3000993092 /* FirebaseInstallations in Frameworks */ = {isa = PBXBuildFile; productRef = 7CC5645327B40B3000993092 /* FirebaseInstallations */; };
		7CC5645627B40B3000993092 /* FirebaseStorage in Frameworks */ = {isa = PBXBuildFile; productRef = 7CC5645527B40B3000993092 /* FirebaseStorage */; };
/* End PBXBuildFile section */

/* Begin PBXFileReference section */
		7C39866B27B52D2C00A94E4F /* Library.swift */ = {isa = PBXFileReference; lastKnownFileType = sourcecode.swift; path = Library.swift; sourceTree = "<group>"; };
		7C39866D27B54D0C00A94E4F /* BookView.swift */ = {isa = PBXFileReference; lastKnownFileType = sourcecode.swift; path = BookView.swift; sourceTree = "<group>"; };
		7CC5641827B4026300993092 /* ProjetBibliotheque_UlyssePerret.app */ = {isa = PBXFileReference; explicitFileType = wrapper.application; includeInIndex = 0; path = ProjetBibliotheque_UlyssePerret.app; sourceTree = BUILT_PRODUCTS_DIR; };
		7CC5641B27B4026300993092 /* ProjetBibliotheque_UlyssePerretApp.swift */ = {isa = PBXFileReference; lastKnownFileType = sourcecode.swift; path = ProjetBibliotheque_UlyssePerretApp.swift; sourceTree = "<group>"; };
		7CC5641D27B4026300993092 /* ContentView.swift */ = {isa = PBXFileReference; lastKnownFileType = sourcecode.swift; path = ContentView.swift; sourceTree = "<group>"; };
		7CC5641F27B4026500993092 /* Assets.xcassets */ = {isa = PBXFileReference; lastKnownFileType = folder.assetcatalog; path = Assets.xcassets; sourceTree = "<group>"; };
		7CC5642227B4026500993092 /* Preview Assets.xcassets */ = {isa = PBXFileReference; lastKnownFileType = folder.assetcatalog; path = "Preview Assets.xcassets"; sourceTree = "<group>"; };
		7CC5642927B4031A00993092 /* ViewModel.swift */ = {isa = PBXFileReference; fileEncoding = 4; lastKnownFileType = sourcecode.swift; path = ViewModel.swift; sourceTree = "<group>"; };
		7CC5642B27B4032100993092 /* LoginView.swift */ = {isa = PBXFileReference; fileEncoding = 4; lastKnownFileType = sourcecode.swift; path = LoginView.swift; sourceTree = "<group>"; };
		7CC5642D27B4032A00993092 /* LogOutView.swift */ = {isa = PBXFileReference; fileEncoding = 4; lastKnownFileType = sourcecode.swift; path = LogOutView.swift; sourceTree = "<group>"; };
		7CC5642F27B4033000993092 /* HomeView.swift */ = {isa = PBXFileReference; fileEncoding = 4; lastKnownFileType = sourcecode.swift; path = HomeView.swift; sourceTree = "<group>"; };
		7CC5643327B4037600993092 /* Book.swift */ = {isa = PBXFileReference; lastKnownFileType = sourcecode.swift; path = Book.swift; sourceTree = "<group>"; };
		7CC5643527B4063000993092 /* GoogleService-Info.plist */ = {isa = PBXFileReference; fileEncoding = 4; lastKnownFileType = text.plist.xml; path = "GoogleService-Info.plist"; sourceTree = "<group>"; };
/* End PBXFileReference section */

/* Begin PBXFrameworksBuildPhase section */
		7CC5641527B4026300993092 /* Frameworks */ = {
			isa = PBXFrameworksBuildPhase;
			buildActionMask = 2147483647;
			files = (
				7CC5644E27B40B3000993092 /* FirebaseDatabase in Frameworks */,
				7CC5644A27B40B3000993092 /* FirebaseAuth in Frameworks */,
				7CC5645227B40B3000993092 /* FirebaseFirestoreSwift-Beta in Frameworks */,
				7CC5645427B40B3000993092 /* FirebaseInstallations in Frameworks */,
				7CC5645627B40B3000993092 /* FirebaseStorage in Frameworks */,
				7CC5645027B40B3000993092 /* FirebaseDatabaseSwift-Beta in Frameworks */,
				7CC5644C27B40B3000993092 /* FirebaseAuthCombine-Community in Frameworks */,
			);
			runOnlyForDeploymentPostprocessing = 0;
		};
/* End PBXFrameworksBuildPhase section */

/* Begin PBXGroup section */
		7CC5640F27B4026300993092 = {
			isa = PBXGroup;
			children = (
				7CC5641A27B4026300993092 /* ProjetBibliotheque_UlyssePerret */,
				7CC5641927B4026300993092 /* Products */,
			);
			sourceTree = "<group>";
		};
		7CC5641927B4026300993092 /* Products */ = {
			isa = PBXGroup;
			children = (
				7CC5641827B4026300993092 /* ProjetBibliotheque_UlyssePerret.app */,
			);
			name = Products;
			sourceTree = "<group>";
		};
		7CC5641A27B4026300993092 /* ProjetBibliotheque_UlyssePerret */ = {
			isa = PBXGroup;
			children = (
				7CC5641B27B4026300993092 /* ProjetBibliotheque_UlyssePerretApp.swift */,
				7CC5641D27B4026300993092 /* ContentView.swift */,
				7C39866D27B54D0C00A94E4F /* BookView.swift */,
				7CC5642927B4031A00993092 /* ViewModel.swift */,
				7CC5643327B4037600993092 /* Book.swift */,
				7C39866B27B52D2C00A94E4F /* Library.swift */,
				7CC5642F27B4033000993092 /* HomeView.swift */,
				7CC5642D27B4032A00993092 /* LogOutView.swift */,
				7CC5642B27B4032100993092 /* LoginView.swift */,
				7CC5641F27B4026500993092 /* Assets.xcassets */,
				7CC5643527B4063000993092 /* GoogleService-Info.plist */,
				7CC5642127B4026500993092 /* Preview Content */,
			);
			path = ProjetBibliotheque_UlyssePerret;
			sourceTree = "<group>";
		};
		7CC5642127B4026500993092 /* Preview Content */ = {
			isa = PBXGroup;
			children = (
				7CC5642227B4026500993092 /* Preview Assets.xcassets */,
			);
			path = "Preview Content";
			sourceTree = "<group>";
		};
/* End PBXGroup section */

/* Begin PBXNativeTarget section */
		7CC5641727B4026300993092 /* ProjetBibliotheque_UlyssePerret */ = {
			isa = PBXNativeTarget;
			buildConfigurationList = 7CC5642627B4026500993092 /* Build configuration list for PBXNativeTarget "ProjetBibliotheque_UlyssePerret" */;
			buildPhases = (
				7CC5641427B4026300993092 /* Sources */,
				7CC5641527B4026300993092 /* Frameworks */,
				7CC5641627B4026300993092 /* Resources */,
			);
			buildRules = (
			);
			dependencies = (
			);
			name = ProjetBibliotheque_UlyssePerret;
			packageProductDependencies = (
				7CC5644927B40B3000993092 /* FirebaseAuth */,
				7CC5644B27B40B3000993092 /* FirebaseAuthCombine-Community */,
				7CC5644D27B40B3000993092 /* FirebaseDatabase */,
				7CC5644F27B40B3000993092 /* FirebaseDatabaseSwift-Beta */,
				7CC5645127B40B3000993092 /* FirebaseFirestoreSwift-Beta */,
				7CC5645327B40B3000993092 /* FirebaseInstallations */,
				7CC5645527B40B3000993092 /* FirebaseStorage */,
			);
			productName = ProjetBibliotheque_UlyssePerret;
			productReference = 7CC5641827B4026300993092 /* ProjetBibliotheque_UlyssePerret.app */;
			productType = "com.apple.product-type.application";
		};
/* End PBXNativeTarget section */

/* Begin PBXProject section */
		7CC5641027B4026300993092 /* Project object */ = {
			isa = PBXProject;
			attributes = {
				BuildIndependentTargetsInParallel = 1;
				LastSwiftUpdateCheck = 1320;
				LastUpgradeCheck = 1320;
				TargetAttributes = {
					7CC5641727B4026300993092 = {
						CreatedOnToolsVersion = 13.2.1;
					};
				};
			};
			buildConfigurationList = 7CC5641327B4026300993092 /* Build configuration list for PBXProject "ProjetBibliotheque_UlyssePerret" */;
			compatibilityVersion = "Xcode 13.0";
			developmentRegion = en;
			hasScannedForEncodings = 0;
			knownRegions = (
				en,
				Base,
			);
			mainGroup = 7CC5640F27B4026300993092;
			packageReferences = (
				7CC5644827B40B3000993092 /* XCRemoteSwiftPackageReference "firebase-ios-sdk" */,
			);
			productRefGroup = 7CC5641927B4026300993092 /* Products */;
			projectDirPath = "";
			projectRoot = "";
			targets = (
				7CC5641727B4026300993092 /* ProjetBibliotheque_UlyssePerret */,
			);
		};
/* End PBXProject section */

/* Begin PBXResourcesBuildPhase section */
		7CC5641627B4026300993092 /* Resources */ = {
			isa = PBXResourcesBuildPhase;
			buildActionMask = 2147483647;
			files = (
				7CC5642327B4026500993092 /* Preview Assets.xcassets in Resources */,
				7CC5642027B4026500993092 /* Assets.xcassets in Resources */,
				7CC5643627B4063000993092 /* GoogleService-Info.plist in Resources */,
			);
			runOnlyForDeploymentPostprocessing = 0;
		};
/* End PBXResourcesBuildPhase section */

/* Begin PBXSourcesBuildPhase section */
		7CC5641427B4026300993092 /* Sources */ = {
			isa = PBXSourcesBuildPhase;
			buildActionMask = 2147483647;
			files = (
				7C39866E27B54D0C00A94E4F /* BookView.swift in Sources */,
				7CC5643427B4037600993092 /* Book.swift in Sources */,
				7CC5641E27B4026300993092 /* ContentView.swift in Sources */,
				7CC5642A27B4031A00993092 /* ViewModel.swift in Sources */,
				7CC5642E27B4032A00993092 /* LogOutView.swift in Sources */,
				7CC5643027B4033000993092 /* HomeView.swift in Sources */,
				7CC5642C27B4032100993092 /* LoginView.swift in Sources */,
				7CC5641C27B4026300993092 /* ProjetBibliotheque_UlyssePerretApp.swift in Sources */,
				7C39866C27B52D2C00A94E4F /* Library.swift in Sources */,
			);
			runOnlyForDeploymentPostprocessing = 0;
		};
/* End PBXSourcesBuildPhase section */

/* Begin XCBuildConfiguration section */
		7CC5642427B4026500993092 /* Debug */ = {
			isa = XCBuildConfiguration;
			buildSettings = {
				ALWAYS_SEARCH_USER_PATHS = NO;
				CLANG_ANALYZER_NONNULL = YES;
				CLANG_ANALYZER_NUMBER_OBJECT_CONVERSION = YES_AGGRESSIVE;
				CLANG_CXX_LANGUAGE_STANDARD = "gnu++17";
				CLANG_CXX_LIBRARY = "libc++";
				CLANG_ENABLE_MODULES = YES;
				CLANG_ENABLE_OBJC_ARC = YES;
				CLANG_ENABLE_OBJC_WEAK = YES;
				CLANG_WARN_BLOCK_CAPTURE_AUTORELEASING = YES;
				CLANG_WARN_BOOL_CONVERSION = YES;
				CLANG_WARN_COMMA = YES;
				CLANG_WARN_CONSTANT_CONVERSION = YES;
				CLANG_WARN_DEPRECATED_OBJC_IMPLEMENTATIONS = YES;
				CLANG_WARN_DIRECT_OBJC_ISA_USAGE = YES_ERROR;
				CLANG_WARN_DOCUMENTATION_COMMENTS = YES;
				CLANG_WARN_EMPTY_BODY = YES;
				CLANG_WARN_ENUM_CONVERSION = YES;
				CLANG_WARN_INFINITE_RECURSION = YES;
				CLANG_WARN_INT_CONVERSION = YES;
				CLANG_WARN_NON_LITERAL_NULL_CONVERSION = YES;
				CLANG_WARN_OBJC_IMPLICIT_RETAIN_SELF = YES;
				CLANG_WARN_OBJC_LITERAL_CONVERSION = YES;
				CLANG_WARN_OBJC_ROOT_CLASS = YES_ERROR;
				CLANG_WARN_QUOTED_INCLUDE_IN_FRAMEWORK_HEADER = YES;
				CLANG_WARN_RANGE_LOOP_ANALYSIS = YES;
				CLANG_WARN_STRICT_PROTOTYPES = YES;
				CLANG_WARN_SUSPICIOUS_MOVE = YES;
				CLANG_WARN_UNGUARDED_AVAILABILITY = YES_AGGRESSIVE;
				CLANG_WARN_UNREACHABLE_CODE = YES;
				CLANG_WARN__DUPLICATE_METHOD_MATCH = YES;
				COPY_PHASE_STRIP = NO;
				DEBUG_INFORMATION_FORMAT = dwarf;
				ENABLE_STRICT_OBJC_MSGSEND = YES;
				ENABLE_TESTABILITY = YES;
				GCC_C_LANGUAGE_STANDARD = gnu11;
				GCC_DYNAMIC_NO_PIC = NO;
				GCC_NO_COMMON_BLOCKS = YES;
				GCC_OPTIMIZATION_LEVEL = 0;
				GCC_PREPROCESSOR_DEFINITIONS = (
					"DEBUG=1",
					"$(inherited)",
				);
				GCC_WARN_64_TO_32_BIT_CONVERSION = YES;
				GCC_WARN_ABOUT_RETURN_TYPE = YES_ERROR;
				GCC_WARN_UNDECLARED_SELECTOR = YES;
				GCC_WARN_UNINITIALIZED_AUTOS = YES_AGGRESSIVE;
				GCC_WARN_UNUSED_FUNCTION = YES;
				GCC_WARN_UNUSED_VARIABLE = YES;
				IPHONEOS_DEPLOYMENT_TARGET = 15.2;
				MTL_ENABLE_DEBUG_INFO = INCLUDE_SOURCE;
				MTL_FAST_MATH = YES;
				ONLY_ACTIVE_ARCH = YES;
				SDKROOT = iphoneos;
				SWIFT_ACTIVE_COMPILATION_CONDITIONS = DEBUG;
				SWIFT_OPTIMIZATION_LEVEL = "-Onone";
			};
			name = Debug;
		};
		7CC5642527B4026500993092 /* Release */ = {
			isa = XCBuildConfiguration;
			buildSettings = {
				ALWAYS_SEARCH_USER_PATHS = NO;
				CLANG_ANALYZER_NONNULL = YES;
				CLANG_ANALYZER_NUMBER_OBJECT_CONVERSION = YES_AGGRESSIVE;
				CLANG_CXX_LANGUAGE_STANDARD = "gnu++17";
				CLANG_CXX_LIBRARY = "libc++";
				CLANG_ENABLE_MODULES = YES;
				CLANG_ENABLE_OBJC_ARC = YES;
				CLANG_ENABLE_OBJC_WEAK = YES;
				CLANG_WARN_BLOCK_CAPTURE_AUTORELEASING = YES;
				CLANG_WARN_BOOL_CONVERSION = YES;
				CLANG_WARN_COMMA = YES;
				CLANG_WARN_CONSTANT_CONVERSION = YES;
				CLANG_WARN_DEPRECATED_OBJC_IMPLEMENTATIONS = YES;
				CLANG_WARN_DIRECT_OBJC_ISA_USAGE = YES_ERROR;
				CLANG_WARN_DOCUMENTATION_COMMENTS = YES;
				CLANG_WARN_EMPTY_BODY = YES;
				CLANG_WARN_ENUM_CONVERSION = YES;
				CLANG_WARN_INFINITE_RECURSION = YES;
				CLANG_WARN_INT_CONVERSION = YES;
				CLANG_WARN_NON_LITERAL_NULL_CONVERSION = YES;
				CLANG_WARN_OBJC_IMPLICIT_RETAIN_SELF = YES;
				CLANG_WARN_OBJC_LITERAL_CONVERSION = YES;
				CLANG_WARN_OBJC_ROOT_CLASS = YES_ERROR;
				CLANG_WARN_QUOTED_INCLUDE_IN_FRAMEWORK_HEADER = YES;
				CLANG_WARN_RANGE_LOOP_ANALYSIS = YES;
				CLANG_WARN_STRICT_PROTOTYPES = YES;
				CLANG_WARN_SUSPICIOUS_MOVE = YES;
				CLANG_WARN_UNGUARDED_AVAILABILITY = YES_AGGRESSIVE;
				CLANG_WARN_UNREACHABLE_CODE = YES;
				CLANG_WARN__DUPLICATE_METHOD_MATCH = YES;
				COPY_PHASE_STRIP = NO;
				DEBUG_INFORMATION_FORMAT = "dwarf-with-dsym";
				ENABLE_NS_ASSERTIONS = NO;
				ENABLE_STRICT_OBJC_MSGSEND = YES;
				GCC_C_LANGUAGE_STANDARD = gnu11;
				GCC_NO_COMMON_BLOCKS = YES;
				GCC_WARN_64_TO_32_BIT_CONVERSION = YES;
				GCC_WARN_ABOUT_RETURN_TYPE = YES_ERROR;
				GCC_WARN_UNDECLARED_SELECTOR = YES;
				GCC_WARN_UNINITIALIZED_AUTOS = YES_AGGRESSIVE;
				GCC_WARN_UNUSED_FUNCTION = YES;
				GCC_WARN_UNUSED_VARIABLE = YES;
				IPHONEOS_DEPLOYMENT_TARGET = 15.2;
				MTL_ENABLE_DEBUG_INFO = NO;
				MTL_FAST_MATH = YES;
				SDKROOT = iphoneos;
				SWIFT_COMPILATION_MODE = wholemodule;
				SWIFT_OPTIMIZATION_LEVEL = "-O";
				VALIDATE_PRODUCT = YES;
			};
			name = Release;
		};
		7CC5642727B4026500993092 /* Debug */ = {
			isa = XCBuildConfiguration;
			buildSettings = {
				ASSETCATALOG_COMPILER_APPICON_NAME = AppIcon;
				ASSETCATALOG_COMPILER_GLOBAL_ACCENT_COLOR_NAME = AccentColor;
				CODE_SIGN_STYLE = Automatic;
				CURRENT_PROJECT_VERSION = 1;
				DEVELOPMENT_ASSET_PATHS = "\"ProjetBibliotheque_UlyssePerret/Preview Content\"";
				DEVELOPMENT_TEAM = 6FHXL7TQ6H;
				ENABLE_PREVIEWS = YES;
				GENERATE_INFOPLIST_FILE = YES;
				INFOPLIST_KEY_UIApplicationSceneManifest_Generation = YES;
				INFOPLIST_KEY_UIApplicationSupportsIndirectInputEvents = YES;
				INFOPLIST_KEY_UILaunchScreen_Generation = YES;
				INFOPLIST_KEY_UISupportedInterfaceOrientations_iPad = "UIInterfaceOrientationPortrait UIInterfaceOrientationPortraitUpsideDown UIInterfaceOrientationLandscapeLeft UIInterfaceOrientationLandscapeRight";
				INFOPLIST_KEY_UISupportedInterfaceOrientations_iPhone = "UIInterfaceOrientationPortrait UIInterfaceOrientationLandscapeLeft UIInterfaceOrientationLandscapeRight";
				LD_RUNPATH_SEARCH_PATHS = (
					"$(inherited)",
					"@executable_path/Frameworks",
				);
				MARKETING_VERSION = 1.0;
				PRODUCT_BUNDLE_IDENTIFIER = "LPWAM.ProjetBibliotheque-UlyssePerret";
				PRODUCT_NAME = "$(TARGET_NAME)";
				SWIFT_EMIT_LOC_STRINGS = YES;
				SWIFT_VERSION = 5.0;
				TARGETED_DEVICE_FAMILY = "1,2";
			};
			name = Debug;
		};
		7CC5642827B4026500993092 /* Release */ = {
			isa = XCBuildConfiguration;
			buildSettings = {
				ASSETCATALOG_COMPILER_APPICON_NAME = AppIcon;
				ASSETCATALOG_COMPILER_GLOBAL_ACCENT_COLOR_NAME = AccentColor;
				CODE_SIGN_STYLE = Automatic;
				CURRENT_PROJECT_VERSION = 1;
				DEVELOPMENT_ASSET_PATHS = "\"ProjetBibliotheque_UlyssePerret/Preview Content\"";
				DEVELOPMENT_TEAM = 6FHXL7TQ6H;
				ENABLE_PREVIEWS = YES;
				GENERATE_INFOPLIST_FILE = YES;
				INFOPLIST_KEY_UIApplicationSceneManifest_Generation = YES;
				INFOPLIST_KEY_UIApplicationSupportsIndirectInputEvents = YES;
				INFOPLIST_KEY_UILaunchScreen_Generation = YES;
				INFOPLIST_KEY_UISupportedInterfaceOrientations_iPad = "UIInterfaceOrientationPortrait UIInterfaceOrientationPortraitUpsideDown UIInterfaceOrientationLandscapeLeft UIInterfaceOrientationLandscapeRight";
				INFOPLIST_KEY_UISupportedInterfaceOrientations_iPhone = "UIInterfaceOrientationPortrait UIInterfaceOrientationLandscapeLeft UIInterfaceOrientationLandscapeRight";
				LD_RUNPATH_SEARCH_PATHS = (
					"$(inherited)",
					"@executable_path/Frameworks",
				);
				MARKETING_VERSION = 1.0;
				PRODUCT_BUNDLE_IDENTIFIER = "LPWAM.ProjetBibliotheque-UlyssePerret";
				PRODUCT_NAME = "$(TARGET_NAME)";
				SWIFT_EMIT_LOC_STRINGS = YES;
				SWIFT_VERSION = 5.0;
				TARGETED_DEVICE_FAMILY = "1,2";
			};
			name = Release;
		};
/* End XCBuildConfiguration section */

/* Begin XCConfigurationList section */
		7CC5641327B4026300993092 /* Build configuration list for PBXProject "ProjetBibliotheque_UlyssePerret" */ = {
			isa = XCConfigurationList;
			buildConfigurations = (
				7CC5642427B4026500993092 /* Debug */,
				7CC5642527B4026500993092 /* Release */,
			);
			defaultConfigurationIsVisible = 0;
			defaultConfigurationName = Release;
		};
		7CC5642627B4026500993092 /* Build configuration list for PBXNativeTarget "ProjetBibliotheque_UlyssePerret" */ = {
			isa = XCConfigurationList;
			buildConfigurations = (
				7CC5642727B4026500993092 /* Debug */,
				7CC5642827B4026500993092 /* Release */,
			);
			defaultConfigurationIsVisible = 0;
			defaultConfigurationName = Release;
		};
/* End XCConfigurationList section */

/* Begin XCRemoteSwiftPackageReference section */
		7CC5644827B40B3000993092 /* XCRemoteSwiftPackageReference "firebase-ios-sdk" */ = {
			isa = XCRemoteSwiftPackageReference;
			repositoryURL = "https://github.com/firebase/firebase-ios-sdk";
			requirement = {
				kind = upToNextMajorVersion;
				minimumVersion = 8.0.0;
			};
		};
/* End XCRemoteSwiftPackageReference section */

/* Begin XCSwiftPackageProductDependency section */
		7CC5644927B40B3000993092 /* FirebaseAuth */ = {
			isa = XCSwiftPackageProductDependency;
			package = 7CC5644827B40B3000993092 /* XCRemoteSwiftPackageReference "firebase-ios-sdk" */;
			productName = FirebaseAuth;
		};
		7CC5644B27B40B3000993092 /* FirebaseAuthCombine-Community */ = {
			isa = XCSwiftPackageProductDependency;
			package = 7CC5644827B40B3000993092 /* XCRemoteSwiftPackageReference "firebase-ios-sdk" */;
			productName = "FirebaseAuthCombine-Community";
		};
		7CC5644D27B40B3000993092 /* FirebaseDatabase */ = {
			isa = XCSwiftPackageProductDependency;
			package = 7CC5644827B40B3000993092 /* XCRemoteSwiftPackageReference "firebase-ios-sdk" */;
			productName = FirebaseDatabase;
		};
		7CC5644F27B40B3000993092 /* FirebaseDatabaseSwift-Beta */ = {
			isa = XCSwiftPackageProductDependency;
			package = 7CC5644827B40B3000993092 /* XCRemoteSwiftPackageReference "firebase-ios-sdk" */;
			productName = "FirebaseDatabaseSwift-Beta";
		};
		7CC5645127B40B3000993092 /* FirebaseFirestoreSwift-Beta */ = {
			isa = XCSwiftPackageProductDependency;
			package = 7CC5644827B40B3000993092 /* XCRemoteSwiftPackageReference "firebase-ios-sdk" */;
			productName = "FirebaseFirestoreSwift-Beta";
		};
		7CC5645327B40B3000993092 /* FirebaseInstallations */ = {
			isa = XCSwiftPackageProductDependency;
			package = 7CC5644827B40B3000993092 /* XCRemoteSwiftPackageReference "firebase-ios-sdk" */;
			productName = FirebaseInstallations;
		};
		7CC5645527B40B3000993092 /* FirebaseStorage */ = {
			isa = XCSwiftPackageProductDependency;
			package = 7CC5644827B40B3000993092 /* XCRemoteSwiftPackageReference "firebase-ios-sdk" */;
			productName = FirebaseStorage;
		};
/* End XCSwiftPackageProductDependency section */
	};
	rootObject = 7CC5641027B4026300993092 /* Project object */;
}
